
Microsoft Visual Studio Solution File, Format Version 12.00
# Visual Studio Version 17
VisualStudioVersion = 17.0.31903.59
MinimumVisualStudioVersion = 10.0.40219.1
Project("{2150E333-8FDC-42A3-9474-1A3956D46DE8}") = "src", "src", "{827E0CD3-B72D-47B6-A68D-7590B98EB39B}"
EndProject
Project("{FAE04EC0-301F-11D3-BF4B-00C04F79EFBC}") = "Anjeer.Domain", "src\Anjeer.Domain\Anjeer.Domain.csproj", "{31D05DF0-9B9A-4FB0-9478-B01D9F6509BF}"
EndProject
Project("{FAE04EC0-301F-11D3-BF4B-00C04F79EFBC}") = "Anjeer.Application", "src\Anjeer.Application\Anjeer.Application.csproj", "{133E8F6D-41A8-4617-9779-3BFCDBF88D79}"
EndProject
Project("{FAE04EC0-301F-11D3-BF4B-00C04F79EFBC}") = "Anjeer.Infrastructure", "src\Anjeer.Infrastructure\Anjeer.Infrastructure.csproj", "{7AF6BAE6-180B-4981-8348-8F9ABFD72E1B}"
EndProject
Project("{FAE04EC0-301F-11D3-BF4B-00C04F79EFBC}") = "Anjeer.Api", "src\Anjeer.Api\Anjeer.Api.csproj", "{44F98805-4ECF-41D3-ACF5-CB16173C0516}"
EndProject
Project("{2150E333-8FDC-42A3-9474-1A3956D46DE8}") = "tests", "tests", "{0AB3BF05-4346-4AA6-1389-037BE0695223}"
EndProject
Project("{FAE04EC0-301F-11D3-BF4B-00C04F79EFBC}") = "Anjeer.UnitTests", "tests\Anjeer.UnitTests\Anjeer.UnitTests.csproj", "{A7B9C3E5-A89B-4730-AFEE-5092D4E50273}"
EndProject
Project("{FAE04EC0-301F-11D3-BF4B-00C04F79EFBC}") = "Anjeer.IntegrationTests", "tests\Anjeer.IntegrationTests\Anjeer.IntegrationTests.csproj", "{25896769-A9E1-4EFA-BD0A-D3F627D922DE}"
EndProject
Global
	GlobalSection(SolutionConfigurationPlatforms) = preSolution
		Debug|Any CPU = Debug|Any CPU
		Debug|x64 = Debug|x64
		Debug|x86 = Debug|x86
		Release|Any CPU = Release|Any CPU
		Release|x64 = Release|x64
		Release|x86 = Release|x86
	EndGlobalSection
	GlobalSection(ProjectConfigurationPlatforms) = postSolution
		{31D05DF0-9B9A-4FB0-9478-B01D9F6509BF}.Debug|Any CPU.ActiveCfg = Debug|Any CPU
		{31D05DF0-9B9A-4FB0-9478-B01D9F6509BF}.Debug|Any CPU.Build.0 = Debug|Any CPU
		{31D05DF0-9B9A-4FB0-9478-B01D9F6509BF}.Debug|x64.ActiveCfg = Debug|Any CPU
		{31D05DF0-9B9A-4FB0-9478-B01D9F6509BF}.Debug|x64.Build.0 = Debug|Any CPU
		{31D05DF0-9B9A-4FB0-9478-B01D9F6509BF}.Debug|x86.ActiveCfg = Debug|Any CPU
		{31D05DF0-9B9A-4FB0-9478-B01D9F6509BF}.Debug|x86.Build.0 = Debug|Any CPU
		{31D05DF0-9B9A-4FB0-9478-B01D9F6509BF}.Release|Any CPU.ActiveCfg = Release|Any CPU
		{31D05DF0-9B9A-4FB0-9478-B01D9F6509BF}.Release|Any CPU.Build.0 = Release|Any CPU
		{31D05DF0-9B9A-4FB0-9478-B01D9F6509BF}.Release|x64.ActiveCfg = Release|Any CPU
		{31D05DF0-9B9A-4FB0-9478-B01D9F6509BF}.Release|x64.Build.0 = Release|Any CPU
		{31D05DF0-9B9A-4FB0-9478-B01D9F6509BF}.Release|x86.ActiveCfg = Release|Any CPU
		{31D05DF0-9B9A-4FB0-9478-B01D9F6509BF}.Release|x86.Build.0 = Release|Any CPU
		{133E8F6D-41A8-4617-9779-3BFCDBF88D79}.Debug|Any CPU.ActiveCfg = Debug|Any CPU
		{133E8F6D-41A8-4617-9779-3BFCDBF88D79}.Debug|Any CPU.Build.0 = Debug|Any CPU
		{133E8F6D-41A8-4617-9779-3BFCDBF88D79}.Debug|x64.ActiveCfg = Debug|Any CPU
		{133E8F6D-41A8-4617-9779-3BFCDBF88D79}.Debug|x64.Build.0 = Debug|Any CPU
		{133E8F6D-41A8-4617-9779-3BFCDBF88D79}.Debug|x86.ActiveCfg = Debug|Any CPU
		{133E8F6D-41A8-4617-9779-3BFCDBF88D79}.Debug|x86.Build.0 = Debug|Any CPU
		{133E8F6D-41A8-4617-9779-3BFCDBF88D79}.Release|Any CPU.ActiveCfg = Release|Any CPU
		{133E8F6D-41A8-4617-9779-3BFCDBF88D79}.Release|Any CPU.Build.0 = Release|Any CPU
		{133E8F6D-41A8-4617-9779-3BFCDBF88D79}.Release|x64.ActiveCfg = Release|Any CPU
		{133E8F6D-41A8-4617-9779-3BFCDBF88D79}.Release|x64.Build.0 = Release|Any CPU
		{133E8F6D-41A8-4617-9779-3BFCDBF88D79}.Release|x86.ActiveCfg = Release|Any CPU
		{133E8F6D-41A8-4617-9779-3BFCDBF88D79}.Release|x86.Build.0 = Release|Any CPU
		{7AF6BAE6-180B-4981-8348-8F9ABFD72E1B}.Debug|Any CPU.ActiveCfg = Debug|Any CPU
		{7AF6BAE6-180B-4981-8348-8F9ABFD72E1B}.Debug|Any CPU.Build.0 = Debug|Any CPU
		{7AF6BAE6-180B-4981-8348-8F9ABFD72E1B}.Debug|x64.ActiveCfg = Debug|Any CPU
		{7AF6BAE6-180B-4981-8348-8F9ABFD72E1B}.Debug|x64.Build.0 = Debug|Any CPU
		{7AF6BAE6-180B-4981-8348-8F9ABFD72E1B}.Debug|x86.ActiveCfg = Debug|Any CPU
		{7AF6BAE6-180B-4981-8348-8F9ABFD72E1B}.Debug|x86.Build.0 = Debug|Any CPU
		{7AF6BAE6-180B-4981-8348-8F9ABFD72E1B}.Release|Any CPU.ActiveCfg = Release|Any CPU
		{7AF6BAE6-180B-4981-8348-8F9ABFD72E1B}.Release|Any CPU.Build.0 = Release|Any CPU
		{7AF6BAE6-180B-4981-8348-8F9ABFD72E1B}.Release|x64.ActiveCfg = Release|Any CPU
		{7AF6BAE6-180B-4981-8348-8F9ABFD72E1B}.Release|x64.Build.0 = Release|Any CPU
		{7AF6BAE6-180B-4981-8348-8F9ABFD72E1B}.Release|x86.ActiveCfg = Release|Any CPU
		{7AF6BAE6-180B-4981-8348-8F9ABFD72E1B}.Release|x86.Build.0 = Release|Any CPU
		{44F98805-4ECF-41D3-ACF5-CB16173C0516}.Debug|Any CPU.ActiveCfg = Debug|Any CPU
		{44F98805-4ECF-41D3-ACF5-CB16173C0516}.Debug|Any CPU.Build.0 = Debug|Any CPU
		{44F98805-4ECF-41D3-ACF5-CB16173C0516}.Debug|x64.ActiveCfg = Debug|Any CPU
		{44F98805-4ECF-41D3-ACF5-CB16173C0516}.Debug|x64.Build.0 = Debug|Any CPU
		{44F98805-4ECF-41D3-ACF5-CB16173C0516}.Debug|x86.ActiveCfg = Debug|Any CPU
		{44F98805-4ECF-41D3-ACF5-CB16173C0516}.Debug|x86.Build.0 = Debug|Any CPU
		{44F98805-4ECF-41D3-ACF5-CB16173C0516}.Release|Any CPU.ActiveCfg = Release|Any CPU
		{44F98805-4ECF-41D3-ACF5-CB16173C0516}.Release|Any CPU.Build.0 = Release|Any CPU
		{44F98805-4ECF-41D3-ACF5-CB16173C0516}.Release|x64.ActiveCfg = Release|Any CPU
		{44F98805-4ECF-41D3-ACF5-CB16173C0516}.Release|x64.Build.0 = Release|Any CPU
		{44F98805-4ECF-41D3-ACF5-CB16173C0516}.Release|x86.ActiveCfg = Release|Any CPU
		{44F98805-4ECF-41D3-ACF5-CB16173C0516}.Release|x86.Build.0 = Release|Any CPU
		{A7B9C3E5-A89B-4730-AFEE-5092D4E50273}.Debug|Any CPU.ActiveCfg = Debug|Any CPU
		{A7B9C3E5-A89B-4730-AFEE-5092D4E50273}.Debug|Any CPU.Build.0 = Debug|Any CPU
		{A7B9C3E5-A89B-4730-AFEE-5092D4E50273}.Debug|x64.ActiveCfg = Debug|Any CPU
		{A7B9C3E5-A89B-4730-AFEE-5092D4E50273}.Debug|x64.Build.0 = Debug|Any CPU
		{A7B9C3E5-A89B-4730-AFEE-5092D4E50273}.Debug|x86.ActiveCfg = Debug|Any CPU
		{A7B9C3E5-A89B-4730-AFEE-5092D4E50273}.Debug|x86.Build.0 = Debug|Any CPU
		{A7B9C3E5-A89B-4730-AFEE-5092D4E50273}.Release|Any CPU.ActiveCfg = Release|Any CPU
		{A7B9C3E5-A89B-4730-AFEE-5092D4E50273}.Release|Any CPU.Build.0 = Release|Any CPU
		{A7B9C3E5-A89B-4730-AFEE-5092D4E50273}.Release|x64.ActiveCfg = Release|Any CPU
		{A7B9C3E5-A89B-4730-AFEE-5092D4E50273}.Release|x64.Build.0 = Release|Any CPU
		{A7B9C3E5-A89B-4730-AFEE-5092D4E50273}.Release|x86.ActiveCfg = Release|Any CPU
		{A7B9C3E5-A89B-4730-AFEE-5092D4E50273}.Release|x86.Build.0 = Release|Any CPU
		{25896769-A9E1-4EFA-BD0A-D3F627D922DE}.Debug|Any CPU.ActiveCfg = Debug|Any CPU
		{25896769-A9E1-4EFA-BD0A-D3F627D922DE}.Debug|Any CPU.Build.0 = Debug|Any CPU
		{25896769-A9E1-4EFA-BD0A-D3F627D922DE}.Debug|x64.ActiveCfg = Debug|Any CPU
		{25896769-A9E1-4EFA-BD0A-D3F627D922DE}.Debug|x64.Build.0 = Debug|Any CPU
		{25896769-A9E1-4EFA-BD0A-D3F627D922DE}.Debug|x86.ActiveCfg = Debug|Any CPU
		{25896769-A9E1-4EFA-BD0A-D3F627D922DE}.Debug|x86.Build.0 = Debug|Any CPU
		{25896769-A9E1-4EFA-BD0A-D3F627D922DE}.Release|Any CPU.ActiveCfg = Release|Any CPU
		{25896769-A9E1-4EFA-BD0A-D3F627D922DE}.Release|Any CPU.Build.0 = Release|Any CPU
		{25896769-A9E1-4EFA-BD0A-D3F627D922DE}.Release|x64.ActiveCfg = Release|Any CPU
		{25896769-A9E1-4EFA-BD0A-D3F627D922DE}.Release|x64.Build.0 = Release|Any CPU
		{25896769-A9E1-4EFA-BD0A-D3F627D922DE}.Release|x86.ActiveCfg = Release|Any CPU
		{25896769-A9E1-4EFA-BD0A-D3F627D922DE}.Release|x86.Build.0 = Release|Any CPU
	EndGlobalSection
	GlobalSection(SolutionProperties) = preSolution
		HideSolutionNode = FALSE
	EndGlobalSection
	GlobalSection(NestedProjects) = preSolution
		{31D05DF0-9B9A-4FB0-9478-B01D9F6509BF} = {827E0CD3-B72D-47B6-A68D-7590B98EB39B}
		{133E8F6D-41A8-4617-9779-3BFCDBF88D79} = {827E0CD3-B72D-47B6-A68D-7590B98EB39B}
		{7AF6BAE6-180B-4981-8348-8F9ABFD72E1B} = {827E0CD3-B72D-47B6-A68D-7590B98EB39B}
		{44F98805-4ECF-41D3-ACF5-CB16173C0516} = {827E0CD3-B72D-47B6-A68D-7590B98EB39B}
		{A7B9C3E5-A89B-4730-AFEE-5092D4E50273} = {0AB3BF05-4346-4AA6-1389-037BE0695223}
		{25896769-A9E1-4EFA-BD0A-D3F627D922DE} = {0AB3BF05-4346-4AA6-1389-037BE0695223}
	EndGlobalSection
EndGlobal
